// !$*UTF8*$!
{
	archiveVersion = 1;
	classes = {
	};
	objectVersion = 46;
	objects = {

/* Begin PBXBuildFile section */
		EAE32ECF1A86874F00CDF37F /* main.m in Sources */ = {isa = PBXBuildFile; fileRef = EAE32ECE1A86874F00CDF37F /* main.m */; };
		EAE32ED21A86874F00CDF37F /* AppDelegate.m in Sources */ = {isa = PBXBuildFile; fileRef = EAE32ED11A86874F00CDF37F /* AppDelegate.m */; };
		EAE32ED51A86874F00CDF37F /* ViewController.m in Sources */ = {isa = PBXBuildFile; fileRef = EAE32ED41A86874F00CDF37F /* ViewController.m */; };
		EAE32ED81A86874F00CDF37F /* Main.storyboard in Resources */ = {isa = PBXBuildFile; fileRef = EAE32ED61A86874F00CDF37F /* Main.storyboard */; };
		EAE32EDA1A86874F00CDF37F /* Images.xcassets in Resources */ = {isa = PBXBuildFile; fileRef = EAE32ED91A86874F00CDF37F /* Images.xcassets */; };
		EAE32EDD1A86874F00CDF37F /* LaunchScreen.xib in Resources */ = {isa = PBXBuildFile; fileRef = EAE32EDB1A86874F00CDF37F /* LaunchScreen.xib */; };
		EAE32EE91A86875000CDF37F /* BitCoinGetterTests.m in Sources */ = {isa = PBXBuildFile; fileRef = EAE32EE81A86875000CDF37F /* BitCoinGetterTests.m */; };
/* End PBXBuildFile section */

/* Begin PBXContainerItemProxy section */
		EAE32EE31A86875000CDF37F /* PBXContainerItemProxy */ = {
			isa = PBXContainerItemProxy;
			containerPortal = EAE32EC11A86874F00CDF37F /* Project object */;
			proxyType = 1;
			remoteGlobalIDString = EAE32EC81A86874F00CDF37F;
			remoteInfo = BitCoinGetter;
		};
/* End PBXContainerItemProxy section */

/* Begin PBXFileReference section */
		EAE32EC91A86874F00CDF37F /* BitCoinGetter.app */ = {isa = PBXFileReference; explicitFileType = wrapper.application; includeInIndex = 0; path = BitCoinGetter.app; sourceTree = BUILT_PRODUCTS_DIR; };
		EAE32ECD1A86874F00CDF37F /* Info.plist */ = {isa = PBXFileReference; lastKnownFileType = text.plist.xml; path = Info.plist; sourceTree = "<group>"; };
		EAE32ECE1A86874F00CDF37F /* main.m */ = {isa = PBXFileReference; lastKnownFileType = sourcecode.c.objc; path = main.m; sourceTree = "<group>"; };
		EAE32ED01A86874F00CDF37F /* AppDelegate.h */ = {isa = PBXFileReference; lastKnownFileType = sourcecode.c.h; path = AppDelegate.h; sourceTree = "<group>"; };
		EAE32ED11A86874F00CDF37F /* AppDelegate.m */ = {isa = PBXFileReference; lastKnownFileType = sourcecode.c.objc; path = AppDelegate.m; sourceTree = "<group>"; };
		EAE32ED31A86874F00CDF37F /* ViewController.h */ = {isa = PBXFileReference; lastKnownFileType = sourcecode.c.h; path = ViewController.h; sourceTree = "<group>"; };
		EAE32ED41A86874F00CDF37F /* ViewController.m */ = {isa = PBXFileReference; lastKnownFileType = sourcecode.c.objc; path = ViewController.m; sourceTree = "<group>"; };
		EAE32ED71A86874F00CDF37F /* Base */ = {isa = PBXFileReference; lastKnownFileType = file.storyboard; name = Base; path = Base.lproj/Main.storyboard; sourceTree = "<group>"; };
		EAE32ED91A86874F00CDF37F /* Images.xcassets */ = {isa = PBXFileReference; lastKnownFileType = folder.assetcatalog; path = Images.xcassets; sourceTree = "<group>"; };
		EAE32EDC1A86874F00CDF37F /* Base */ = {isa = PBXFileReference; lastKnownFileType = file.xib; name = Base; path = Base.lproj/LaunchScreen.xib; sourceTree = "<group>"; };
		EAE32EE21A86875000CDF37F /* BitCoinGetterTests.xctest */ = {isa = PBXFileReference; explicitFileType = wrapper.cfbundle; includeInIndex = 0; path = BitCoinGetterTests.xctest; sourceTree = BUILT_PRODUCTS_DIR; };
		EAE32EE71A86875000CDF37F /* Info.plist */ = {isa = PBXFileReference; lastKnownFileType = text.plist.xml; path = Info.plist; sourceTree = "<group>"; };
		EAE32EE81A86875000CDF37F /* BitCoinGetterTests.m */ = {isa = PBXFileReference; lastKnownFileType = sourcecode.c.objc; path = BitCoinGetterTests.m; sourceTree = "<group>"; };
/* End PBXFileReference section */

/* Begin PBXFrameworksBuildPhase section */
		EAE32EC61A86874F00CDF37F /* Frameworks */ = {
			isa = PBXFrameworksBuildPhase;
			buildActionMask = 2147483647;
			files = (
			);
			runOnlyForDeploymentPostprocessing = 0;
		};
		EAE32EDF1A86875000CDF37F /* Frameworks */ = {
			isa = PBXFrameworksBuildPhase;
			buildActionMask = 2147483647;
			files = (
			);
			runOnlyForDeploymentPostprocessing = 0;
		};
/* End PBXFrameworksBuildPhase section */

/* Begin PBXGroup section */
		EAE32EC01A86874F00CDF37F = {
			isa = PBXGroup;
			children = (
				EAE32ECB1A86874F00CDF37F /* BitCoinGetter */,
				EAE32EE51A86875000CDF37F /* BitCoinGetterTests */,
				EAE32ECA1A86874F00CDF37F /* Products */,
			);
			sourceTree = "<group>";
		};
		EAE32ECA1A86874F00CDF37F /* Products */ = {
			isa = PBXGroup;
			children = (
				EAE32EC91A86874F00CDF37F /* BitCoinGetter.app */,
				EAE32EE21A86875000CDF37F /* BitCoinGetterTests.xctest */,
			);
			name = Products;
			sourceTree = "<group>";
		};
		EAE32ECB1A86874F00CDF37F /* BitCoinGetter */ = {
			isa = PBXGroup;
			children = (
				EAE32ED01A86874F00CDF37F /* AppDelegate.h */,
				EAE32ED11A86874F00CDF37F /* AppDelegate.m */,
				EAE32ED31A86874F00CDF37F /* ViewController.h */,
				EAE32ED41A86874F00CDF37F /* ViewController.m */,
				EAE32ED61A86874F00CDF37F /* Main.storyboard */,
				EAE32ED91A86874F00CDF37F /* Images.xcassets */,
				EAE32EDB1A86874F00CDF37F /* LaunchScreen.xib */,
				EAE32ECC1A86874F00CDF37F /* Supporting Files */,
			);
			path = BitCoinGetter;
			sourceTree = "<group>";
		};
		EAE32ECC1A86874F00CDF37F /* Supporting Files */ = {
			isa = PBXGroup;
			children = (
				EAE32ECD1A86874F00CDF37F /* Info.plist */,
				EAE32ECE1A86874F00CDF37F /* main.m */,
			);
			name = "Supporting Files";
			sourceTree = "<group>";
		};
		EAE32EE51A86875000CDF37F /* BitCoinGetterTests */ = {
			isa = PBXGroup;
			children = (
				EAE32EE81A86875000CDF37F /* BitCoinGetterTests.m */,
				EAE32EE61A86875000CDF37F /* Supporting Files */,
			);
			path = BitCoinGetterTests;
			sourceTree = "<group>";
		};
		EAE32EE61A86875000CDF37F /* Supporting Files */ = {
			isa = PBXGroup;
			children = (
				EAE32EE71A86875000CDF37F /* Info.plist */,
			);
			name = "Supporting Files";
			sourceTree = "<group>";
		};
/* End PBXGroup section */

/* Begin PBXNativeTarget section */
		EAE32EC81A86874F00CDF37F /* BitCoinGetter */ = {
			isa = PBXNativeTarget;
			buildConfigurationList = EAE32EEC1A86875000CDF37F /* Build configuration list for PBXNativeTarget "BitCoinGetter" */;
			buildPhases = (
				EAE32EC51A86874F00CDF37F /* Sources */,
				EAE32EC61A86874F00CDF37F /* Frameworks */,
				EAE32EC71A86874F00CDF37F /* Resources */,
			);
			buildRules = (
			);
			dependencies = (
			);
			name = BitCoinGetter;
			productName = BitCoinGetter;
			productReference = EAE32EC91A86874F00CDF37F /* BitCoinGetter.app */;
			productType = "com.apple.product-type.application";
		};
		EAE32EE11A86875000CDF37F /* BitCoinGetterTests */ = {
			isa = PBXNativeTarget;
			buildConfigurationList = EAE32EEF1A86875000CDF37F /* Build configuration list for PBXNativeTarget "BitCoinGetterTests" */;
			buildPhases = (
				EAE32EDE1A86875000CDF37F /* Sources */,
				EAE32EDF1A86875000CDF37F /* Frameworks */,
				EAE32EE01A86875000CDF37F /* Resources */,
			);
			buildRules = (
			);
			dependencies = (
				EAE32EE41A86875000CDF37F /* PBXTargetDependency */,
			);
			name = BitCoinGetterTests;
			productName = BitCoinGetterTests;
			productReference = EAE32EE21A86875000CDF37F /* BitCoinGetterTests.xctest */;
			productType = "com.apple.product-type.bundle.unit-test";
		};
/* End PBXNativeTarget section */

/* Begin PBXProject section */
		EAE32EC11A86874F00CDF37F /* Project object */ = {
			isa = PBXProject;
			attributes = {
				LastUpgradeCheck = 0610;
				ORGANIZATIONNAME = self;
				TargetAttributes = {
					EAE32EC81A86874F00CDF37F = {
						CreatedOnToolsVersion = 6.1.1;
					};
					EAE32EE11A86875000CDF37F = {
						CreatedOnToolsVersion = 6.1.1;
						TestTargetID = EAE32EC81A86874F00CDF37F;
					};
				};
			};
			buildConfigurationList = EAE32EC41A86874F00CDF37F /* Build configuration list for PBXProject "BitCoinGetter" */;
			compatibilityVersion = "Xcode 3.2";
			developmentRegion = English;
			hasScannedForEncodings = 0;
			knownRegions = (
				en,
				Base,
			);
			mainGroup = EAE32EC01A86874F00CDF37F;
			productRefGroup = EAE32ECA1A86874F00CDF37F /* Products */;
			projectDirPath = "";
			projectRoot = "";
			targets = (
				EAE32EC81A86874F00CDF37F /* BitCoinGetter */,
				EAE32EE11A86875000CDF37F /* BitCoinGetterTests */,
			);
		};
/* End PBXProject section */

/* Begin PBXResourcesBuildPhase section */
		EAE32EC71A86874F00CDF37F /* Resources */ = {
			isa = PBXResourcesBuildPhase;
			buildActionMask = 2147483647;
			files = (
				EAE32ED81A86874F00CDF37F /* Main.storyboard in Resources */,
				EAE32EDD1A86874F00CDF37F /* LaunchScreen.xib in Resources */,
				EAE32EDA1A86874F00CDF37F /* Images.xcassets in Resources */,
			);
			runOnlyForDeploymentPostprocessing = 0;
		};
		EAE32EE01A86875000CDF37F /* Resources */ = {
			isa = PBXResourcesBuildPhase;
			buildActionMask = 2147483647;
			files = (
			);
			runOnlyForDeploymentPostprocessing = 0;
		};
/* End PBXResourcesBuildPhase section */

/* Begin PBXSourcesBuildPhase section */
		EAE32EC51A86874F00CDF37F /* Sources */ = {
			isa = PBXSourcesBuildPhase;
			buildActionMask = 2147483647;
			files = (
				EAE32ED51A86874F00CDF37F /* ViewController.m in Sources */,
				EAE32ED21A86874F00CDF37F /* AppDelegate.m in Sources */,
				EAE32ECF1A86874F00CDF37F /* main.m in Sources */,
			);
			runOnlyForDeploymentPostprocessing = 0;
		};
		EAE32EDE1A86875000CDF37F /* Sources */ = {
			isa = PBXSourcesBuildPhase;
			buildActionMask = 2147483647;
			files = (
				EAE32EE91A86875000CDF37F /* BitCoinGetterTests.m in Sources */,
			);
			runOnlyForDeploymentPostprocessing = 0;
		};
/* End PBXSourcesBuildPhase section */

/* Begin PBXTargetDependency section */
		EAE32EE41A86875000CDF37F /* PBXTargetDependency */ = {
			isa = PBXTargetDependency;
			target = EAE32EC81A86874F00CDF37F /* BitCoinGetter */;
			targetProxy = EAE32EE31A86875000CDF37F /* PBXContainerItemProxy */;
		};
/* End PBXTargetDependency section */

/* Begin PBXVariantGroup section */
		EAE32ED61A86874F00CDF37F /* Main.storyboard */ = {
			isa = PBXVariantGroup;
			children = (
				EAE32ED71A86874F00CDF37F /* Base */,
			);
			name = Main.storyboard;
			sourceTree = "<group>";
		};
		EAE32EDB1A86874F00CDF37F /* LaunchScreen.xib */ = {
			isa = PBXVariantGroup;
			children = (
				EAE32EDC1A86874F00CDF37F /* Base */,
			);
			name = LaunchScreen.xib;
			sourceTree = "<group>";
		};
/* End PBXVariantGroup section */

/* Begin XCBuildConfiguration section */
		EAE32EEA1A86875000CDF37F /* Debug */ = {
			isa = XCBuildConfiguration;
			buildSettings = {
				ALWAYS_SEARCH_USER_PATHS = NO;
				CLANG_CXX_LANGUAGE_STANDARD = "gnu++0x";
				CLANG_CXX_LIBRARY = "libc++";
				CLANG_ENABLE_MODULES = YES;
				CLANG_ENABLE_OBJC_ARC = YES;
				CLANG_WARN_BOOL_CONVERSION = YES;
				CLANG_WARN_CONSTANT_CONVERSION = YES;
				CLANG_WARN_DIRECT_OBJC_ISA_USAGE = YES_ERROR;
				CLANG_WARN_EMPTY_BODY = YES;
				CLANG_WARN_ENUM_CONVERSION = YES;
				CLANG_WARN_INT_CONVERSION = YES;
				CLANG_WARN_OBJC_ROOT_CLASS = YES_ERROR;
				CLANG_WARN_UNREACHABLE_CODE = YES;
				CLANG_WARN__DUPLICATE_METHOD_MATCH = YES;
				"CODE_SIGN_IDENTITY[sdk=iphoneos*]" = "iPhone Developer";
				COPY_PHASE_STRIP = NO;
				ENABLE_STRICT_OBJC_MSGSEND = YES;
				GCC_C_LANGUAGE_STANDARD = gnu99;
				GCC_DYNAMIC_NO_PIC = NO;
				GCC_OPTIMIZATION_LEVEL = 0;
				GCC_PREPROCESSOR_DEFINITIONS = (
					"DEBUG=1",
					"$(inherited)",
				);
				GCC_SYMBOLS_PRIVATE_EXTERN = NO;
				GCC_WARN_64_TO_32_BIT_CONVERSION = YES;
				GCC_WARN_ABOUT_RETURN_TYPE = YES_ERROR;
				GCC_WARN_UNDECLARED_SELECTOR = YES;
				GCC_WARN_UNINITIALIZED_AUTOS = YES_AGGRESSIVE;
				GCC_WARN_UNUSED_FUNCTION = YES;
				GCC_WARN_UNUSED_VARIABLE = YES;
				IPHONEOS_DEPLOYMENT_TARGET = 8.1;
				MTL_ENABLE_DEBUG_INFO = YES;
				ONLY_ACTIVE_ARCH = YES;
				SDKROOT = iphoneos;
			};
			name = Debug;
		};
		EAE32EEB1A86875000CDF37F /* Release */ = {
			isa = XCBuildConfiguration;
			buildSettings = {
				ALWAYS_SEARCH_USER_PATHS = NO;
				CLANG_CXX_LANGUAGE_STANDARD = "gnu++0x";
				CLANG_CXX_LIBRARY = "libc++";
				CLANG_ENABLE_MODULES = YES;
				CLANG_ENABLE_OBJC_ARC = YES;
				CLANG_WARN_BOOL_CONVERSION = YES;
				CLANG_WARN_CONSTANT_CONVERSION = YES;
				CLANG_WARN_DIRECT_OBJC_ISA_USAGE = YES_ERROR;
				CLANG_WARN_EMPTY_BODY = YES;
				CLANG_WARN_ENUM_CONVERSION = YES;
				CLANG_WARN_INT_CONVERSION = YES;
				CLANG_WARN_OBJC_ROOT_CLASS = YES_ERROR;
				CLANG_WARN_UNREACHABLE_CODE = YES;
				CLANG_WARN__DUPLICATE_METHOD_MATCH = YES;
				"CODE_SIGN_IDENTITY[sdk=iphoneos*]" = "iPhone Developer";
				COPY_PHASE_STRIP = YES;
				ENABLE_NS_ASSERTIONS = NO;
				ENABLE_STRICT_OBJC_MSGSEND = YES;
				GCC_C_LANGUAGE_STANDARD = gnu99;
				GCC_WARN_64_TO_32_BIT_CONVERSION = YES;
				GCC_WARN_ABOUT_RETURN_TYPE = YES_ERROR;
				GCC_WARN_UNDECLARED_SELECTOR = YES;
				GCC_WARN_UNINITIALIZED_AUTOS = YES_AGGRESSIVE;
				GCC_WARN_UNUSED_FUNCTION = YES;
				GCC_WARN_UNUSED_VARIABLE = YES;
				IPHONEOS_DEPLOYMENT_TARGET = 8.1;
				MTL_ENABLE_DEBUG_INFO = NO;
				SDKROOT = iphoneos;
				VALIDATE_PRODUCT = YES;
			};
			name = Release;
		};
		EAE32EED1A86875000CDF37F /* Debug */ = {
			isa = XCBuildConfiguration;
			buildSettings = {
				ASSETCATALOG_COMPILER_APPICON_NAME = AppIcon;
				INFOPLIST_FILE = BitCoinGetter/Info.plist;
				LD_RUNPATH_SEARCH_PATHS = "$(inherited) @executable_path/Frameworks";
				PRODUCT_NAME = "$(TARGET_NAME)";
			};
			name = Debug;
		};
		EAE32EEE1A86875000CDF37F /* Release */ = {
			isa = XCBuildConfiguration;
			buildSettings = {
				ASSETCATALOG_COMPILER_APPICON_NAME = AppIcon;
				INFOPLIST_FILE = BitCoinGetter/Info.plist;
				LD_RUNPATH_SEARCH_PATHS = "$(inherited) @executable_path/Frameworks";
				PRODUCT_NAME = "$(TARGET_NAME)";
			};
			name = Release;
		};
		EAE32EF01A86875000CDF37F /* Debug */ = {
			isa = XCBuildConfiguration;
			buildSettings = {
				BUNDLE_LOADER = "$(TEST_HOST)";
				FRAMEWORK_SEARCH_PATHS = (
					"$(SDKROOT)/Developer/Library/Frameworks",
					"$(inherited)",
				);
				GCC_PREPROCESSOR_DEFINITIONS = (
					"DEBUG=1",
					"$(inherited)",
				);
				INFOPLIST_FILE = BitCoinGetterTests/Info.plist;
				LD_RUNPATH_SEARCH_PATHS = "$(inherited) @executable_path/Frameworks @loader_path/Frameworks";
				PRODUCT_NAME = "$(TARGET_NAME)";
				TEST_HOST = "$(BUILT_PRODUCTS_DIR)/BitCoinGetter.app/BitCoinGetter";
			};
			name = Debug;
		};
		EAE32EF11A86875000CDF37F /* Release */ = {
			isa = XCBuildConfiguration;
			buildSettings = {
				BUNDLE_LOADER = "$(TEST_HOST)";
				FRAMEWORK_SEARCH_PATHS = (
					"$(SDKROOT)/Developer/Library/Frameworks",
					"$(inherited)",
				);
				INFOPLIST_FILE = BitCoinGetterTests/Info.plist;
				LD_RUNPATH_SEARCH_PATHS = "$(inherited) @executable_path/Frameworks @loader_path/Frameworks";
				PRODUCT_NAME = "$(TARGET_NAME)";
				TEST_HOST = "$(BUILT_PRODUCTS_DIR)/BitCoinGetter.app/BitCoinGetter";
			};
			name = Release;
		};
/* End XCBuildConfiguration section */

/* Begin XCConfigurationList section */
		EAE32EC41A86874F00CDF37F /* Build configuration list for PBXProject "BitCoinGetter" */ = {
			isa = XCConfigurationList;
			buildConfigurations = (
				EAE32EEA1A86875000CDF37F /* Debug */,
				EAE32EEB1A86875000CDF37F /* Release */,
			);
			defaultConfigurationIsVisible = 0;
			defaultConfigurationName = Release;
		};
		EAE32EEC1A86875000CDF37F /* Build configuration list for PBXNativeTarget "BitCoinGetter" */ = {
			isa = XCConfigurationList;
			buildConfigurations = (
				EAE32EED1A86875000CDF37F /* Debug */,
				EAE32EEE1A86875000CDF37F /* Release */,
			);
			defaultConfigurationIsVisible = 0;
		};
		EAE32EEF1A86875000CDF37F /* Build configuration list for PBXNativeTarget "BitCoinGetterTests" */ = {
			isa = XCConfigurationList;
			buildConfigurations = (
				EAE32EF01A86875000CDF37F /* Debug */,
				EAE32EF11A86875000CDF37F /* Release */,
			);
			defaultConfigurationIsVisible = 0;
		};
/* End XCConfigurationList section */
	};
	rootObject = EAE32EC11A86874F00CDF37F /* Project object */;
}
